<?xml version="1.0" encoding="UTF-8"?>
<Scheme
   LastUpgradeVersion = "2600"
   version = "1.7">
   <BuildAction
      parallelizeBuildables = "YES"
      buildImplicitDependencies = "YES"
      buildArchitectures = "Automatic">
      <BuildActionEntries>
         <BuildActionEntry
            buildForTesting = "YES"
            buildForRunning = "YES"
            buildForProfiling = "YES"
            buildForArchiving = "YES"
            buildForAnalyzing = "YES">
            <BuildableReference
               BuildableIdentifier = "primary"
               BlueprintIdentifier = "2F5AB6152E90FD8F00333B8C"
               BuildableName = "WalkWorthy.app"
               BlueprintName = "WalkWorthy"
               ReferencedContainer = "container:WalkWorthy.xcodeproj">
            </BuildableReference>
         </BuildActionEntry>
      </BuildActionEntries>
   </BuildAction>
   <TestAction
      buildConfiguration = "Debug"
      selectedDebuggerIdentifier = "Xcode.DebuggerFoundation.Debugger.LLDB"
      selectedLauncherIdentifier = "Xcode.DebuggerFoundation.Launcher.LLDB"
      shouldUseLaunchSchemeArgsEnv = "YES"
      shouldAutocreateTestPlan = "YES">
   </TestAction>
   <LaunchAction
      buildConfiguration = "Debug"
      selectedDebuggerIdentifier = "Xcode.DebuggerFoundation.Debugger.LLDB"
      selectedLauncherIdentifier = "Xcode.DebuggerFoundation.Launcher.LLDB"
      launchStyle = "0"
      useCustomWorkingDirectory = "NO"
      ignoresPersistentStateOnLaunch = "NO"
      debugDocumentVersioning = "YES"
      debugServiceExtension = "internal"
      allowLocationSimulation = "YES">
      <BuildableProductRunnable
         runnableDebuggingMode = "0">
         <BuildableReference
            BuildableIdentifier = "primary"
            BlueprintIdentifier = "2F5AB6152E90FD8F00333B8C"
            BuildableName = "WalkWorthy.app"
            BlueprintName = "WalkWorthy"
            ReferencedContainer = "container:WalkWorthy.xcodeproj">
         </BuildableReference>
      </BuildableProductRunnable>
      <EnvironmentVariables>
         <EnvironmentVariable
            key = "API_BASE_URL"
            value = "https://8v2zv70fej.execute-api.us-east-1.amazonaws.com"
            isEnabled = "YES">
         </EnvironmentVariable>
         <EnvironmentVariable
            key = "COGNITO_DOMAIN"
            value = "https://us-east-1f3oxbodre.auth.us-east-1.amazoncognito.com"
            isEnabled = "YES">
         </EnvironmentVariable>
         <EnvironmentVariable
            key = "COGNITO_CLIENT_ID"
            value = "5tv5emqco09g816iscn4ki072q"
            isEnabled = "YES">
         </EnvironmentVariable>
         <EnvironmentVariable
            key = "COGNITO_REDIRECT_URI"
            value = "walkworthy://auth/callback"
            isEnabled = "YES">
         </EnvironmentVariable>
         <EnvironmentVariable
            key = "CANVAS_BASE_URL"
            value = "https://uk.instructure.com/"
            isEnabled = "YES">
         </EnvironmentVariable>
         <EnvironmentVariable
            key = "CANVAS_REDIRECT_URI"
            value = "walkworthy://oauth/canvas"
            isEnabled = "YES">
         </EnvironmentVariable>
         <EnvironmentVariable
            key = "CANVAS_CLIENT_ID"
            value = "manual"
            isEnabled = "YES">
         </EnvironmentVariable>
         <EnvironmentVariable
            key = "USE_FAKE_CANVAS"
            value = "false"
            isEnabled = "YES">
         </EnvironmentVariable>
      </EnvironmentVariables>
   </LaunchAction>
   <ProfileAction
      buildConfiguration = "Release"
      shouldUseLaunchSchemeArgsEnv = "YES"
      savedToolIdentifier = ""
      useCustomWorkingDirectory = "NO"
      debugDocumentVersioning = "YES">
      <BuildableProductRunnable
         runnableDebuggingMode = "0">
         <BuildableReference
            BuildableIdentifier = "primary"
            BlueprintIdentifier = "2F5AB6152E90FD8F00333B8C"
            BuildableName = "WalkWorthy.app"
            BlueprintName = "WalkWorthy"
            ReferencedContainer = "container:WalkWorthy.xcodeproj">
         </BuildableReference>
      </BuildableProductRunnable>
   </ProfileAction>
   <AnalyzeAction
      buildConfiguration = "Debug">
   </AnalyzeAction>
   <ArchiveAction
      buildConfiguration = "Release"
      revealArchiveInOrganizer = "YES">
   </ArchiveAction>
</Scheme>
